
Microsoft Visual Studio Solution File, Format Version 12.00
Project("{2150E333-8FDC-42A3-9474-1A3956D46DE8}") = "Adapters", "Adapters", "{C4111378-03B9-4780-94E3-AD82B055CCD2}"
EndProject
Project("{2150E333-8FDC-42A3-9474-1A3956D46DE8}") = "Consumers", "Consumers", "{19DC8D1F-05EA-4520-9D6C-B9F70E6A2328}"
EndProject
Project("{2150E333-8FDC-42A3-9474-1A3956D46DE8}") = "Core", "Core", "{140A2A27-2A60-4115-AC10-E02C72C6ED35}"
EndProject
Project("{2150E333-8FDC-42A3-9474-1A3956D46DE8}") = "Tests", "Tests", "{51B080E3-CD15-424E-B5BA-49F8353E4745}"
EndProject
Project("{FAE04EC0-301F-11D3-BF4B-00C04F79EFBC}") = "NLogLogger", "FreelanceSystem\Adapters\NLogLogger\NLogLogger.csproj", "{C2853BD7-0FBB-4CCF-96A3-E995EC538C4E}"
EndProject
Project("{FAE04EC0-301F-11D3-BF4B-00C04F79EFBC}") = "DataEF", "FreelanceSystem\Adapters\DataEF\DataEF.csproj", "{5113F4CC-A94E-48FC-B7F4-0C11FC27E648}"
EndProject
Project("{FAE04EC0-301F-11D3-BF4B-00C04F79EFBC}") = "IdentityAuth", "FreelanceSystem\Adapters\IdentityAuth\IdentityAuth.csproj", "{1F4B78AE-B67D-4A00-ADE6-FC1A003096A1}"
EndProject
Project("{FAE04EC0-301F-11D3-BF4B-00C04F79EFBC}") = "EmailHandler", "FreelanceSystem\Adapters\EmailHandler\EmailHandler.csproj", "{54837B38-BB2C-44B8-BC99-5E1D1E4409B4}"
EndProject
Project("{FAE04EC0-301F-11D3-BF4B-00C04F79EFBC}") = "API", "FreelanceSystem\Consumers\API\API.csproj", "{CB2C24C9-6E68-4CDC-8CD5-6DEC62E3FD0A}"
EndProject
Project("{FAE04EC0-301F-11D3-BF4B-00C04F79EFBC}") = "Domain", "FreelanceSystem\Core\Domain\Domain.csproj", "{854A45D4-D23B-4327-8438-65D534E588E0}"
EndProject
Project("{FAE04EC0-301F-11D3-BF4B-00C04F79EFBC}") = "Application", "FreelanceSystem\Core\Application\Application.csproj", "{05FB1595-81F5-44D8-9C6A-27257317E9AA}"
EndProject
Project("{FAE04EC0-301F-11D3-BF4B-00C04F79EFBC}") = "ApplicationTests", "FreelanceSystem\Tests\ApplicationTests\ApplicationTests.csproj", "{54AE5257-B150-4DFD-A327-9A59008F953D}"
EndProject
Project("{FAE04EC0-301F-11D3-BF4B-00C04F79EFBC}") = "DomainTests", "FreelanceSystem\Tests\DomainTests\DomainTests.csproj", "{141070A7-7BF0-44E6-84A8-DEB889E77015}"
EndProject
Global
	GlobalSection(SolutionConfigurationPlatforms) = preSolution
		Debug|Any CPU = Debug|Any CPU
		Release|Any CPU = Release|Any CPU
	EndGlobalSection
	GlobalSection(NestedProjects) = preSolution
		{C2853BD7-0FBB-4CCF-96A3-E995EC538C4E} = {C4111378-03B9-4780-94E3-AD82B055CCD2}
		{5113F4CC-A94E-48FC-B7F4-0C11FC27E648} = {C4111378-03B9-4780-94E3-AD82B055CCD2}
		{1F4B78AE-B67D-4A00-ADE6-FC1A003096A1} = {C4111378-03B9-4780-94E3-AD82B055CCD2}
		{54837B38-BB2C-44B8-BC99-5E1D1E4409B4} = {C4111378-03B9-4780-94E3-AD82B055CCD2}
		{CB2C24C9-6E68-4CDC-8CD5-6DEC62E3FD0A} = {19DC8D1F-05EA-4520-9D6C-B9F70E6A2328}
		{854A45D4-D23B-4327-8438-65D534E588E0} = {140A2A27-2A60-4115-AC10-E02C72C6ED35}
		{05FB1595-81F5-44D8-9C6A-27257317E9AA} = {140A2A27-2A60-4115-AC10-E02C72C6ED35}
		{54AE5257-B150-4DFD-A327-9A59008F953D} = {51B080E3-CD15-424E-B5BA-49F8353E4745}
		{141070A7-7BF0-44E6-84A8-DEB889E77015} = {51B080E3-CD15-424E-B5BA-49F8353E4745}
	EndGlobalSection
	GlobalSection(ProjectConfigurationPlatforms) = postSolution
		{C2853BD7-0FBB-4CCF-96A3-E995EC538C4E}.Debug|Any CPU.ActiveCfg = Debug|Any CPU
		{C2853BD7-0FBB-4CCF-96A3-E995EC538C4E}.Debug|Any CPU.Build.0 = Debug|Any CPU
		{C2853BD7-0FBB-4CCF-96A3-E995EC538C4E}.Release|Any CPU.ActiveCfg = Release|Any CPU
		{C2853BD7-0FBB-4CCF-96A3-E995EC538C4E}.Release|Any CPU.Build.0 = Release|Any CPU
		{5113F4CC-A94E-48FC-B7F4-0C11FC27E648}.Debug|Any CPU.ActiveCfg = Debug|Any CPU
		{5113F4CC-A94E-48FC-B7F4-0C11FC27E648}.Debug|Any CPU.Build.0 = Debug|Any CPU
		{5113F4CC-A94E-48FC-B7F4-0C11FC27E648}.Release|Any CPU.ActiveCfg = Release|Any CPU
		{5113F4CC-A94E-48FC-B7F4-0C11FC27E648}.Release|Any CPU.Build.0 = Release|Any CPU
		{1F4B78AE-B67D-4A00-ADE6-FC1A003096A1}.Debug|Any CPU.ActiveCfg = Debug|Any CPU
		{1F4B78AE-B67D-4A00-ADE6-FC1A003096A1}.Debug|Any CPU.Build.0 = Debug|Any CPU
		{1F4B78AE-B67D-4A00-ADE6-FC1A003096A1}.Release|Any CPU.ActiveCfg = Release|Any CPU
		{1F4B78AE-B67D-4A00-ADE6-FC1A003096A1}.Release|Any CPU.Build.0 = Release|Any CPU
		{54837B38-BB2C-44B8-BC99-5E1D1E4409B4}.Debug|Any CPU.ActiveCfg = Debug|Any CPU
		{54837B38-BB2C-44B8-BC99-5E1D1E4409B4}.Debug|Any CPU.Build.0 = Debug|Any CPU
		{54837B38-BB2C-44B8-BC99-5E1D1E4409B4}.Release|Any CPU.ActiveCfg = Release|Any CPU
		{54837B38-BB2C-44B8-BC99-5E1D1E4409B4}.Release|Any CPU.Build.0 = Release|Any CPU
		{CB2C24C9-6E68-4CDC-8CD5-6DEC62E3FD0A}.Debug|Any CPU.ActiveCfg = Debug|Any CPU
		{CB2C24C9-6E68-4CDC-8CD5-6DEC62E3FD0A}.Debug|Any CPU.Build.0 = Debug|Any CPU
		{CB2C24C9-6E68-4CDC-8CD5-6DEC62E3FD0A}.Release|Any CPU.ActiveCfg = Release|Any CPU
		{CB2C24C9-6E68-4CDC-8CD5-6DEC62E3FD0A}.Release|Any CPU.Build.0 = Release|Any CPU
		{854A45D4-D23B-4327-8438-65D534E588E0}.Debug|Any CPU.ActiveCfg = Debug|Any CPU
		{854A45D4-D23B-4327-8438-65D534E588E0}.Debug|Any CPU.Build.0 = Debug|Any CPU
		{854A45D4-D23B-4327-8438-65D534E588E0}.Release|Any CPU.ActiveCfg = Release|Any CPU
		{854A45D4-D23B-4327-8438-65D534E588E0}.Release|Any CPU.Build.0 = Release|Any CPU
		{05FB1595-81F5-44D8-9C6A-27257317E9AA}.Debug|Any CPU.ActiveCfg = Debug|Any CPU
		{05FB1595-81F5-44D8-9C6A-27257317E9AA}.Debug|Any CPU.Build.0 = Debug|Any CPU
		{05FB1595-81F5-44D8-9C6A-27257317E9AA}.Release|Any CPU.ActiveCfg = Release|Any CPU
		{05FB1595-81F5-44D8-9C6A-27257317E9AA}.Release|Any CPU.Build.0 = Release|Any CPU
		{54AE5257-B150-4DFD-A327-9A59008F953D}.Debug|Any CPU.ActiveCfg = Debug|Any CPU
		{54AE5257-B150-4DFD-A327-9A59008F953D}.Debug|Any CPU.Build.0 = Debug|Any CPU
		{54AE5257-B150-4DFD-A327-9A59008F953D}.Release|Any CPU.ActiveCfg = Release|Any CPU
		{54AE5257-B150-4DFD-A327-9A59008F953D}.Release|Any CPU.Build.0 = Release|Any CPU
		{141070A7-7BF0-44E6-84A8-DEB889E77015}.Debug|Any CPU.ActiveCfg = Debug|Any CPU
		{141070A7-7BF0-44E6-84A8-DEB889E77015}.Debug|Any CPU.Build.0 = Debug|Any CPU
		{141070A7-7BF0-44E6-84A8-DEB889E77015}.Release|Any CPU.ActiveCfg = Release|Any CPU
		{141070A7-7BF0-44E6-84A8-DEB889E77015}.Release|Any CPU.Build.0 = Release|Any CPU
	EndGlobalSection
EndGlobal
