
Microsoft Visual Studio Solution File, Format Version 12.00
# Visual Studio Version 17
VisualStudioVersion = 17.5.002.0
MinimumVisualStudioVersion = 10.0.40219.1
Project("{2150E333-8FDC-42A3-9474-1A3956D46DE8}") = "Adapters", "Adapters", "{8CF6C7B3-CAD6-4558-A32C-A1A755136F85}"
EndProject
Project("{9A19103F-16F7-4668-BE54-9A1E7A4F7556}") = "DataEF", "Adapters\DataEF\DataEF.csproj", "{3330AB51-D6A1-4226-B165-9DB79C14E3A9}"
EndProject
Project("{9A19103F-16F7-4668-BE54-9A1E7A4F7556}") = "EmailHandler", "Adapters\EmailHandler\EmailHandler.csproj", "{5A86D8BA-0CF2-4887-A0BD-CFEBA25DEB69}"
EndProject
Project("{9A19103F-16F7-4668-BE54-9A1E7A4F7556}") = "IdentityAuth", "Adapters\IdentityAuth\IdentityAuth.csproj", "{66850433-56C7-4289-9DB7-9DC65B0E953C}"
EndProject
Project("{9A19103F-16F7-4668-BE54-9A1E7A4F7556}") = "NLogLogger", "Adapters\NLogLogger\NLogLogger.csproj", "{B71EF480-0244-4E56-9159-497610FA8422}"
EndProject
Project("{2150E333-8FDC-42A3-9474-1A3956D46DE8}") = "Consumers", "Consumers", "{1DC2C66A-629C-4CBA-BAB2-E56DA9A38236}"
EndProject
Project("{9A19103F-16F7-4668-BE54-9A1E7A4F7556}") = "API", "Consumers\API\API.csproj", "{397B597D-D524-46A9-A39B-E1E96A404110}"
EndProject
Project("{2150E333-8FDC-42A3-9474-1A3956D46DE8}") = "Core", "Core", "{506F00DD-F864-4F9B-960B-8927F39AE8BD}"
EndProject
Project("{9A19103F-16F7-4668-BE54-9A1E7A4F7556}") = "Application", "Core\Application\Application.csproj", "{C0845510-9695-482C-8D4B-110D9A8ABF2C}"
EndProject
Project("{9A19103F-16F7-4668-BE54-9A1E7A4F7556}") = "Domain", "Core\Domain\Domain.csproj", "{9A2D7FBE-6B6F-4C68-BFE9-7D25750448B2}"
EndProject
Project("{2150E333-8FDC-42A3-9474-1A3956D46DE8}") = "Tests", "Tests", "{E4642EFF-671A-46EA-A0A5-A713E0FC24AA}"
EndProject
Project("{9A19103F-16F7-4668-BE54-9A1E7A4F7556}") = "ApplicationTests", "Tests\ApplicationTests\ApplicationTests.csproj", "{D6C241DC-9DE5-4DED-AF1F-946F1E83F0DE}"
EndProject
Project("{9A19103F-16F7-4668-BE54-9A1E7A4F7556}") = "DomainTests", "Tests\DomainTests\DomainTests.csproj", "{E5207536-6092-4867-B16D-3D3AC524919B}"
EndProject
Global
	GlobalSection(SolutionConfigurationPlatforms) = preSolution
		Debug|Any CPU = Debug|Any CPU
		Release|Any CPU = Release|Any CPU
	EndGlobalSection
	GlobalSection(ProjectConfigurationPlatforms) = postSolution
		{3330AB51-D6A1-4226-B165-9DB79C14E3A9}.Debug|Any CPU.ActiveCfg = Debug|Any CPU
		{3330AB51-D6A1-4226-B165-9DB79C14E3A9}.Debug|Any CPU.Build.0 = Debug|Any CPU
		{3330AB51-D6A1-4226-B165-9DB79C14E3A9}.Release|Any CPU.ActiveCfg = Release|Any CPU
		{3330AB51-D6A1-4226-B165-9DB79C14E3A9}.Release|Any CPU.Build.0 = Release|Any CPU
		{5A86D8BA-0CF2-4887-A0BD-CFEBA25DEB69}.Debug|Any CPU.ActiveCfg = Debug|Any CPU
		{5A86D8BA-0CF2-4887-A0BD-CFEBA25DEB69}.Debug|Any CPU.Build.0 = Debug|Any CPU
		{5A86D8BA-0CF2-4887-A0BD-CFEBA25DEB69}.Release|Any CPU.ActiveCfg = Release|Any CPU
		{5A86D8BA-0CF2-4887-A0BD-CFEBA25DEB69}.Release|Any CPU.Build.0 = Release|Any CPU
		{66850433-56C7-4289-9DB7-9DC65B0E953C}.Debug|Any CPU.ActiveCfg = Debug|Any CPU
		{66850433-56C7-4289-9DB7-9DC65B0E953C}.Debug|Any CPU.Build.0 = Debug|Any CPU
		{66850433-56C7-4289-9DB7-9DC65B0E953C}.Release|Any CPU.ActiveCfg = Release|Any CPU
		{66850433-56C7-4289-9DB7-9DC65B0E953C}.Release|Any CPU.Build.0 = Release|Any CPU
		{B71EF480-0244-4E56-9159-497610FA8422}.Debug|Any CPU.ActiveCfg = Debug|Any CPU
		{B71EF480-0244-4E56-9159-497610FA8422}.Debug|Any CPU.Build.0 = Debug|Any CPU
		{B71EF480-0244-4E56-9159-497610FA8422}.Release|Any CPU.ActiveCfg = Release|Any CPU
		{B71EF480-0244-4E56-9159-497610FA8422}.Release|Any CPU.Build.0 = Release|Any CPU
		{397B597D-D524-46A9-A39B-E1E96A404110}.Debug|Any CPU.ActiveCfg = Debug|Any CPU
		{397B597D-D524-46A9-A39B-E1E96A404110}.Debug|Any CPU.Build.0 = Debug|Any CPU
		{397B597D-D524-46A9-A39B-E1E96A404110}.Release|Any CPU.ActiveCfg = Release|Any CPU
		{397B597D-D524-46A9-A39B-E1E96A404110}.Release|Any CPU.Build.0 = Release|Any CPU
		{C0845510-9695-482C-8D4B-110D9A8ABF2C}.Debug|Any CPU.ActiveCfg = Debug|Any CPU
		{C0845510-9695-482C-8D4B-110D9A8ABF2C}.Debug|Any CPU.Build.0 = Debug|Any CPU
		{C0845510-9695-482C-8D4B-110D9A8ABF2C}.Release|Any CPU.ActiveCfg = Release|Any CPU
		{C0845510-9695-482C-8D4B-110D9A8ABF2C}.Release|Any CPU.Build.0 = Release|Any CPU
		{9A2D7FBE-6B6F-4C68-BFE9-7D25750448B2}.Debug|Any CPU.ActiveCfg = Debug|Any CPU
		{9A2D7FBE-6B6F-4C68-BFE9-7D25750448B2}.Debug|Any CPU.Build.0 = Debug|Any CPU
		{9A2D7FBE-6B6F-4C68-BFE9-7D25750448B2}.Release|Any CPU.ActiveCfg = Release|Any CPU
		{9A2D7FBE-6B6F-4C68-BFE9-7D25750448B2}.Release|Any CPU.Build.0 = Release|Any CPU
		{D6C241DC-9DE5-4DED-AF1F-946F1E83F0DE}.Debug|Any CPU.ActiveCfg = Debug|Any CPU
		{D6C241DC-9DE5-4DED-AF1F-946F1E83F0DE}.Debug|Any CPU.Build.0 = Debug|Any CPU
		{D6C241DC-9DE5-4DED-AF1F-946F1E83F0DE}.Release|Any CPU.ActiveCfg = Release|Any CPU
		{D6C241DC-9DE5-4DED-AF1F-946F1E83F0DE}.Release|Any CPU.Build.0 = Release|Any CPU
		{E5207536-6092-4867-B16D-3D3AC524919B}.Debug|Any CPU.ActiveCfg = Debug|Any CPU
		{E5207536-6092-4867-B16D-3D3AC524919B}.Debug|Any CPU.Build.0 = Debug|Any CPU
		{E5207536-6092-4867-B16D-3D3AC524919B}.Release|Any CPU.ActiveCfg = Release|Any CPU
		{E5207536-6092-4867-B16D-3D3AC524919B}.Release|Any CPU.Build.0 = Release|Any CPU
	EndGlobalSection
	GlobalSection(SolutionProperties) = preSolution
		HideSolutionNode = FALSE
	EndGlobalSection
	GlobalSection(NestedProjects) = preSolution
		{3330AB51-D6A1-4226-B165-9DB79C14E3A9} = {8CF6C7B3-CAD6-4558-A32C-A1A755136F85}
		{5A86D8BA-0CF2-4887-A0BD-CFEBA25DEB69} = {8CF6C7B3-CAD6-4558-A32C-A1A755136F85}
		{66850433-56C7-4289-9DB7-9DC65B0E953C} = {8CF6C7B3-CAD6-4558-A32C-A1A755136F85}
		{B71EF480-0244-4E56-9159-497610FA8422} = {8CF6C7B3-CAD6-4558-A32C-A1A755136F85}
		{397B597D-D524-46A9-A39B-E1E96A404110} = {1DC2C66A-629C-4CBA-BAB2-E56DA9A38236}
		{C0845510-9695-482C-8D4B-110D9A8ABF2C} = {506F00DD-F864-4F9B-960B-8927F39AE8BD}
		{9A2D7FBE-6B6F-4C68-BFE9-7D25750448B2} = {506F00DD-F864-4F9B-960B-8927F39AE8BD}
		{D6C241DC-9DE5-4DED-AF1F-946F1E83F0DE} = {E4642EFF-671A-46EA-A0A5-A713E0FC24AA}
		{E5207536-6092-4867-B16D-3D3AC524919B} = {E4642EFF-671A-46EA-A0A5-A713E0FC24AA}
	EndGlobalSection
	GlobalSection(ExtensibilityGlobals) = postSolution
		SolutionGuid = {4F0E5446-4E49-45A5-9F30-1B7902F8041D}
	EndGlobalSection
EndGlobal
