
Microsoft Visual Studio Solution File, Format Version 12.00
# Visual Studio Version 17
VisualStudioVersion = 17.5.002.0
MinimumVisualStudioVersion = 10.0.40219.1
Project("{2150E333-8FDC-42A3-9474-1A3956D46DE8}") = "Adapters", "Adapters", "{2D4D1F20-F1E5-4C0B-94C2-FB74FC7EC8C2}"
EndProject
Project("{9A19103F-16F7-4668-BE54-9A1E7A4F7556}") = "DataEF", "Adapters\DataEF\DataEF.csproj", "{07E4AE0A-BF2D-459E-AF73-D268930C9C1C}"
EndProject
Project("{9A19103F-16F7-4668-BE54-9A1E7A4F7556}") = "EmailHandler", "Adapters\EmailHandler\EmailHandler.csproj", "{42B2C84A-FEFE-42DE-9100-50D9F550304E}"
EndProject
Project("{9A19103F-16F7-4668-BE54-9A1E7A4F7556}") = "IdentityAuth", "Adapters\IdentityAuth\IdentityAuth.csproj", "{D81A03EA-58DF-4344-B062-CF218C5ECF03}"
EndProject
Project("{9A19103F-16F7-4668-BE54-9A1E7A4F7556}") = "NLogLogger", "Adapters\NLogLogger\NLogLogger.csproj", "{34606FB0-563D-4EDA-8978-FB84D70B6643}"
EndProject
Project("{2150E333-8FDC-42A3-9474-1A3956D46DE8}") = "Consumers", "Consumers", "{299BC654-7133-4583-A4FA-DDE7D6F32A72}"
EndProject
Project("{9A19103F-16F7-4668-BE54-9A1E7A4F7556}") = "API", "Consumers\API\API.csproj", "{9FBF6D69-AD93-4862-BA03-9EB116A6844B}"
EndProject
Project("{2150E333-8FDC-42A3-9474-1A3956D46DE8}") = "Core", "Core", "{3CDD6960-A1B4-4B17-8BF9-7B407B506E3E}"
EndProject
Project("{9A19103F-16F7-4668-BE54-9A1E7A4F7556}") = "Application", "Core\Application\Application.csproj", "{1A10CFC0-CF13-4F51-9127-29528192BA6B}"
EndProject
Project("{9A19103F-16F7-4668-BE54-9A1E7A4F7556}") = "Domain", "Core\Domain\Domain.csproj", "{0B5BBC1C-49E8-457C-B874-9366008702A4}"
EndProject
Project("{2150E333-8FDC-42A3-9474-1A3956D46DE8}") = "Tests", "Tests", "{05E519FA-E120-4FB4-9F40-EC58013D2EF5}"
EndProject
Project("{9A19103F-16F7-4668-BE54-9A1E7A4F7556}") = "ApplicationTests", "Tests\ApplicationTests\ApplicationTests.csproj", "{1BB337EC-2CF5-4854-A22D-D8CFF5ADDFA0}"
EndProject
Project("{9A19103F-16F7-4668-BE54-9A1E7A4F7556}") = "DomainTests", "Tests\DomainTests\DomainTests.csproj", "{A7C2C4C4-DFA2-412E-989E-ADE48B6626D4}"
EndProject
Global
	GlobalSection(SolutionConfigurationPlatforms) = preSolution
		Debug|Any CPU = Debug|Any CPU
		Release|Any CPU = Release|Any CPU
	EndGlobalSection
	GlobalSection(ProjectConfigurationPlatforms) = postSolution
		{07E4AE0A-BF2D-459E-AF73-D268930C9C1C}.Debug|Any CPU.ActiveCfg = Debug|Any CPU
		{07E4AE0A-BF2D-459E-AF73-D268930C9C1C}.Debug|Any CPU.Build.0 = Debug|Any CPU
		{07E4AE0A-BF2D-459E-AF73-D268930C9C1C}.Release|Any CPU.ActiveCfg = Release|Any CPU
		{07E4AE0A-BF2D-459E-AF73-D268930C9C1C}.Release|Any CPU.Build.0 = Release|Any CPU
		{42B2C84A-FEFE-42DE-9100-50D9F550304E}.Debug|Any CPU.ActiveCfg = Debug|Any CPU
		{42B2C84A-FEFE-42DE-9100-50D9F550304E}.Debug|Any CPU.Build.0 = Debug|Any CPU
		{42B2C84A-FEFE-42DE-9100-50D9F550304E}.Release|Any CPU.ActiveCfg = Release|Any CPU
		{42B2C84A-FEFE-42DE-9100-50D9F550304E}.Release|Any CPU.Build.0 = Release|Any CPU
		{D81A03EA-58DF-4344-B062-CF218C5ECF03}.Debug|Any CPU.ActiveCfg = Debug|Any CPU
		{D81A03EA-58DF-4344-B062-CF218C5ECF03}.Debug|Any CPU.Build.0 = Debug|Any CPU
		{D81A03EA-58DF-4344-B062-CF218C5ECF03}.Release|Any CPU.ActiveCfg = Release|Any CPU
		{D81A03EA-58DF-4344-B062-CF218C5ECF03}.Release|Any CPU.Build.0 = Release|Any CPU
		{34606FB0-563D-4EDA-8978-FB84D70B6643}.Debug|Any CPU.ActiveCfg = Debug|Any CPU
		{34606FB0-563D-4EDA-8978-FB84D70B6643}.Debug|Any CPU.Build.0 = Debug|Any CPU
		{34606FB0-563D-4EDA-8978-FB84D70B6643}.Release|Any CPU.ActiveCfg = Release|Any CPU
		{34606FB0-563D-4EDA-8978-FB84D70B6643}.Release|Any CPU.Build.0 = Release|Any CPU
		{9FBF6D69-AD93-4862-BA03-9EB116A6844B}.Debug|Any CPU.ActiveCfg = Debug|Any CPU
		{9FBF6D69-AD93-4862-BA03-9EB116A6844B}.Debug|Any CPU.Build.0 = Debug|Any CPU
		{9FBF6D69-AD93-4862-BA03-9EB116A6844B}.Release|Any CPU.ActiveCfg = Release|Any CPU
		{9FBF6D69-AD93-4862-BA03-9EB116A6844B}.Release|Any CPU.Build.0 = Release|Any CPU
		{1A10CFC0-CF13-4F51-9127-29528192BA6B}.Debug|Any CPU.ActiveCfg = Debug|Any CPU
		{1A10CFC0-CF13-4F51-9127-29528192BA6B}.Debug|Any CPU.Build.0 = Debug|Any CPU
		{1A10CFC0-CF13-4F51-9127-29528192BA6B}.Release|Any CPU.ActiveCfg = Release|Any CPU
		{1A10CFC0-CF13-4F51-9127-29528192BA6B}.Release|Any CPU.Build.0 = Release|Any CPU
		{0B5BBC1C-49E8-457C-B874-9366008702A4}.Debug|Any CPU.ActiveCfg = Debug|Any CPU
		{0B5BBC1C-49E8-457C-B874-9366008702A4}.Debug|Any CPU.Build.0 = Debug|Any CPU
		{0B5BBC1C-49E8-457C-B874-9366008702A4}.Release|Any CPU.ActiveCfg = Release|Any CPU
		{0B5BBC1C-49E8-457C-B874-9366008702A4}.Release|Any CPU.Build.0 = Release|Any CPU
		{1BB337EC-2CF5-4854-A22D-D8CFF5ADDFA0}.Debug|Any CPU.ActiveCfg = Debug|Any CPU
		{1BB337EC-2CF5-4854-A22D-D8CFF5ADDFA0}.Debug|Any CPU.Build.0 = Debug|Any CPU
		{1BB337EC-2CF5-4854-A22D-D8CFF5ADDFA0}.Release|Any CPU.ActiveCfg = Release|Any CPU
		{1BB337EC-2CF5-4854-A22D-D8CFF5ADDFA0}.Release|Any CPU.Build.0 = Release|Any CPU
		{A7C2C4C4-DFA2-412E-989E-ADE48B6626D4}.Debug|Any CPU.ActiveCfg = Debug|Any CPU
		{A7C2C4C4-DFA2-412E-989E-ADE48B6626D4}.Debug|Any CPU.Build.0 = Debug|Any CPU
		{A7C2C4C4-DFA2-412E-989E-ADE48B6626D4}.Release|Any CPU.ActiveCfg = Release|Any CPU
		{A7C2C4C4-DFA2-412E-989E-ADE48B6626D4}.Release|Any CPU.Build.0 = Release|Any CPU
	EndGlobalSection
	GlobalSection(SolutionProperties) = preSolution
		HideSolutionNode = FALSE
	EndGlobalSection
	GlobalSection(NestedProjects) = preSolution
		{07E4AE0A-BF2D-459E-AF73-D268930C9C1C} = {2D4D1F20-F1E5-4C0B-94C2-FB74FC7EC8C2}
		{42B2C84A-FEFE-42DE-9100-50D9F550304E} = {2D4D1F20-F1E5-4C0B-94C2-FB74FC7EC8C2}
		{D81A03EA-58DF-4344-B062-CF218C5ECF03} = {2D4D1F20-F1E5-4C0B-94C2-FB74FC7EC8C2}
		{34606FB0-563D-4EDA-8978-FB84D70B6643} = {2D4D1F20-F1E5-4C0B-94C2-FB74FC7EC8C2}
		{9FBF6D69-AD93-4862-BA03-9EB116A6844B} = {299BC654-7133-4583-A4FA-DDE7D6F32A72}
		{1A10CFC0-CF13-4F51-9127-29528192BA6B} = {3CDD6960-A1B4-4B17-8BF9-7B407B506E3E}
		{0B5BBC1C-49E8-457C-B874-9366008702A4} = {3CDD6960-A1B4-4B17-8BF9-7B407B506E3E}
		{1BB337EC-2CF5-4854-A22D-D8CFF5ADDFA0} = {05E519FA-E120-4FB4-9F40-EC58013D2EF5}
		{A7C2C4C4-DFA2-412E-989E-ADE48B6626D4} = {05E519FA-E120-4FB4-9F40-EC58013D2EF5}
	EndGlobalSection
	GlobalSection(ExtensibilityGlobals) = postSolution
		SolutionGuid = {4F0E5446-4E49-45A5-9F30-1B7902F8041D}
	EndGlobalSection
EndGlobal
