
Microsoft Visual Studio Solution File, Format Version 12.00
# Visual Studio Version 17
VisualStudioVersion = 17.5.002.0
MinimumVisualStudioVersion = 10.0.40219.1
Project("{2150E333-8FDC-42A3-9474-1A3956D46DE8}") = "Adapters", "Adapters", "{129961C1-2BD2-49D5-B69B-241E1D58A8B5}"
EndProject
Project("{9A19103F-16F7-4668-BE54-9A1E7A4F7556}") = "DataEF", "Adapters\DataEF\DataEF.csproj", "{775D23E4-B446-4E21-820A-EE527DC337EB}"
EndProject
Project("{9A19103F-16F7-4668-BE54-9A1E7A4F7556}") = "EmailHandler", "Adapters\EmailHandler\EmailHandler.csproj", "{B3ACD2C0-15FA-4C3E-B36F-44ED249ACD05}"
EndProject
Project("{9A19103F-16F7-4668-BE54-9A1E7A4F7556}") = "IdentityAuth", "Adapters\IdentityAuth\IdentityAuth.csproj", "{D53D5A3F-6564-4DC0-A626-AC314EA86BA7}"
EndProject
Project("{9A19103F-16F7-4668-BE54-9A1E7A4F7556}") = "NLogLogger", "Adapters\NLogLogger\NLogLogger.csproj", "{7FCBC16B-F26B-4FEF-8739-F699E339095D}"
EndProject
Project("{2150E333-8FDC-42A3-9474-1A3956D46DE8}") = "Consumers", "Consumers", "{2936AC5E-D8BC-495B-AE26-723168366485}"
EndProject
Project("{9A19103F-16F7-4668-BE54-9A1E7A4F7556}") = "API", "Consumers\API\API.csproj", "{BB6B9EB2-5F2E-4913-9A8F-82E0258924F9}"
EndProject
Project("{2150E333-8FDC-42A3-9474-1A3956D46DE8}") = "Core", "Core", "{ED33892C-0BAD-4FB6-9C39-70838B074505}"
EndProject
Project("{9A19103F-16F7-4668-BE54-9A1E7A4F7556}") = "Application", "Core\Application\Application.csproj", "{971EF746-0495-4DAA-A2FE-BD60DE9730BC}"
EndProject
Project("{9A19103F-16F7-4668-BE54-9A1E7A4F7556}") = "Domain", "Core\Domain\Domain.csproj", "{19E5E421-FCF7-4D3D-B9C9-87EC022C9EBC}"
EndProject
Project("{2150E333-8FDC-42A3-9474-1A3956D46DE8}") = "Tests", "Tests", "{091A8B20-14A8-4631-AA9E-610330E23165}"
EndProject
Project("{9A19103F-16F7-4668-BE54-9A1E7A4F7556}") = "ApplicationTests", "Tests\ApplicationTests\ApplicationTests.csproj", "{F3E686D8-153A-46DB-8126-4AABD5D63BED}"
EndProject
Project("{9A19103F-16F7-4668-BE54-9A1E7A4F7556}") = "DomainTests", "Tests\DomainTests\DomainTests.csproj", "{4DF43361-E854-497E-9AFC-8DAE4FCEF3E4}"
EndProject
Global
	GlobalSection(SolutionConfigurationPlatforms) = preSolution
		Debug|Any CPU = Debug|Any CPU
		Release|Any CPU = Release|Any CPU
	EndGlobalSection
	GlobalSection(ProjectConfigurationPlatforms) = postSolution
		{775D23E4-B446-4E21-820A-EE527DC337EB}.Debug|Any CPU.ActiveCfg = Debug|Any CPU
		{775D23E4-B446-4E21-820A-EE527DC337EB}.Debug|Any CPU.Build.0 = Debug|Any CPU
		{775D23E4-B446-4E21-820A-EE527DC337EB}.Release|Any CPU.ActiveCfg = Release|Any CPU
		{775D23E4-B446-4E21-820A-EE527DC337EB}.Release|Any CPU.Build.0 = Release|Any CPU
		{B3ACD2C0-15FA-4C3E-B36F-44ED249ACD05}.Debug|Any CPU.ActiveCfg = Debug|Any CPU
		{B3ACD2C0-15FA-4C3E-B36F-44ED249ACD05}.Debug|Any CPU.Build.0 = Debug|Any CPU
		{B3ACD2C0-15FA-4C3E-B36F-44ED249ACD05}.Release|Any CPU.ActiveCfg = Release|Any CPU
		{B3ACD2C0-15FA-4C3E-B36F-44ED249ACD05}.Release|Any CPU.Build.0 = Release|Any CPU
		{D53D5A3F-6564-4DC0-A626-AC314EA86BA7}.Debug|Any CPU.ActiveCfg = Debug|Any CPU
		{D53D5A3F-6564-4DC0-A626-AC314EA86BA7}.Debug|Any CPU.Build.0 = Debug|Any CPU
		{D53D5A3F-6564-4DC0-A626-AC314EA86BA7}.Release|Any CPU.ActiveCfg = Release|Any CPU
		{D53D5A3F-6564-4DC0-A626-AC314EA86BA7}.Release|Any CPU.Build.0 = Release|Any CPU
		{7FCBC16B-F26B-4FEF-8739-F699E339095D}.Debug|Any CPU.ActiveCfg = Debug|Any CPU
		{7FCBC16B-F26B-4FEF-8739-F699E339095D}.Debug|Any CPU.Build.0 = Debug|Any CPU
		{7FCBC16B-F26B-4FEF-8739-F699E339095D}.Release|Any CPU.ActiveCfg = Release|Any CPU
		{7FCBC16B-F26B-4FEF-8739-F699E339095D}.Release|Any CPU.Build.0 = Release|Any CPU
		{BB6B9EB2-5F2E-4913-9A8F-82E0258924F9}.Debug|Any CPU.ActiveCfg = Debug|Any CPU
		{BB6B9EB2-5F2E-4913-9A8F-82E0258924F9}.Debug|Any CPU.Build.0 = Debug|Any CPU
		{BB6B9EB2-5F2E-4913-9A8F-82E0258924F9}.Release|Any CPU.ActiveCfg = Release|Any CPU
		{BB6B9EB2-5F2E-4913-9A8F-82E0258924F9}.Release|Any CPU.Build.0 = Release|Any CPU
		{971EF746-0495-4DAA-A2FE-BD60DE9730BC}.Debug|Any CPU.ActiveCfg = Debug|Any CPU
		{971EF746-0495-4DAA-A2FE-BD60DE9730BC}.Debug|Any CPU.Build.0 = Debug|Any CPU
		{971EF746-0495-4DAA-A2FE-BD60DE9730BC}.Release|Any CPU.ActiveCfg = Release|Any CPU
		{971EF746-0495-4DAA-A2FE-BD60DE9730BC}.Release|Any CPU.Build.0 = Release|Any CPU
		{19E5E421-FCF7-4D3D-B9C9-87EC022C9EBC}.Debug|Any CPU.ActiveCfg = Debug|Any CPU
		{19E5E421-FCF7-4D3D-B9C9-87EC022C9EBC}.Debug|Any CPU.Build.0 = Debug|Any CPU
		{19E5E421-FCF7-4D3D-B9C9-87EC022C9EBC}.Release|Any CPU.ActiveCfg = Release|Any CPU
		{19E5E421-FCF7-4D3D-B9C9-87EC022C9EBC}.Release|Any CPU.Build.0 = Release|Any CPU
		{F3E686D8-153A-46DB-8126-4AABD5D63BED}.Debug|Any CPU.ActiveCfg = Debug|Any CPU
		{F3E686D8-153A-46DB-8126-4AABD5D63BED}.Debug|Any CPU.Build.0 = Debug|Any CPU
		{F3E686D8-153A-46DB-8126-4AABD5D63BED}.Release|Any CPU.ActiveCfg = Release|Any CPU
		{F3E686D8-153A-46DB-8126-4AABD5D63BED}.Release|Any CPU.Build.0 = Release|Any CPU
		{4DF43361-E854-497E-9AFC-8DAE4FCEF3E4}.Debug|Any CPU.ActiveCfg = Debug|Any CPU
		{4DF43361-E854-497E-9AFC-8DAE4FCEF3E4}.Debug|Any CPU.Build.0 = Debug|Any CPU
		{4DF43361-E854-497E-9AFC-8DAE4FCEF3E4}.Release|Any CPU.ActiveCfg = Release|Any CPU
		{4DF43361-E854-497E-9AFC-8DAE4FCEF3E4}.Release|Any CPU.Build.0 = Release|Any CPU
	EndGlobalSection
	GlobalSection(SolutionProperties) = preSolution
		HideSolutionNode = FALSE
	EndGlobalSection
	GlobalSection(NestedProjects) = preSolution
		{775D23E4-B446-4E21-820A-EE527DC337EB} = {129961C1-2BD2-49D5-B69B-241E1D58A8B5}
		{B3ACD2C0-15FA-4C3E-B36F-44ED249ACD05} = {129961C1-2BD2-49D5-B69B-241E1D58A8B5}
		{D53D5A3F-6564-4DC0-A626-AC314EA86BA7} = {129961C1-2BD2-49D5-B69B-241E1D58A8B5}
		{7FCBC16B-F26B-4FEF-8739-F699E339095D} = {129961C1-2BD2-49D5-B69B-241E1D58A8B5}
		{BB6B9EB2-5F2E-4913-9A8F-82E0258924F9} = {2936AC5E-D8BC-495B-AE26-723168366485}
		{971EF746-0495-4DAA-A2FE-BD60DE9730BC} = {ED33892C-0BAD-4FB6-9C39-70838B074505}
		{19E5E421-FCF7-4D3D-B9C9-87EC022C9EBC} = {ED33892C-0BAD-4FB6-9C39-70838B074505}
		{F3E686D8-153A-46DB-8126-4AABD5D63BED} = {091A8B20-14A8-4631-AA9E-610330E23165}
		{4DF43361-E854-497E-9AFC-8DAE4FCEF3E4} = {091A8B20-14A8-4631-AA9E-610330E23165}
	EndGlobalSection
	GlobalSection(ExtensibilityGlobals) = postSolution
		SolutionGuid = {4F0E5446-4E49-45A5-9F30-1B7902F8041D}
	EndGlobalSection
EndGlobal
